
Microsoft Visual Studio Solution File, Format Version 11.00
# Visual Web Developer Express 2010
Project("{FAE04EC0-301F-11D3-BF4B-00C04F79EFBC}") = "ChatWithSignalR", "ChatWithSignalR\ChatWithSignalR.csproj", "{C6C582C3-55D9-4CBC-AF65-B4EB193431FB}"
EndProject
Global
	GlobalSection(SolutionConfigurationPlatforms) = preSolution
		Debug|Any CPU = Debug|Any CPU
		Release|Any CPU = Release|Any CPU
	EndGlobalSection
	GlobalSection(ProjectConfigurationPlatforms) = postSolution
		{C6C582C3-55D9-4CBC-AF65-B4EB193431FB}.Debug|Any CPU.ActiveCfg = Debug|Any CPU
		{C6C582C3-55D9-4CBC-AF65-B4EB193431FB}.Debug|Any CPU.Build.0 = Debug|Any CPU
		{C6C582C3-55D9-4CBC-AF65-B4EB193431FB}.Release|Any CPU.ActiveCfg = Release|Any CPU
		{C6C582C3-55D9-4CBC-AF65-B4EB193431FB}.Release|Any CPU.Build.0 = Release|Any CPU
	EndGlobalSection
	GlobalSection(SolutionProperties) = preSolution
		HideSolutionNode = FALSE
	EndGlobalSection
EndGlobal
